// !$*UTF8*$!
{
	archiveVersion = 1;
	classes = {
	};
	objectVersion = 50;
	objects = {

/* Begin PBXBuildFile section */
		3D69CCE3271D243D00A4F91F /* gasStation.swift in Sources */ = {isa = PBXBuildFile; fileRef = 3D69CCE2271D243D00A4F91F /* gasStation.swift */; };
		3D69CCE8271D246C00A4F91F /* gasStationData.swift in Sources */ = {isa = PBXBuildFile; fileRef = 3D69CCE7271D246C00A4F91F /* gasStationData.swift */; };
		7A294BAA2710F5D600A13946 /* dummyData.swift in Sources */ = {isa = PBXBuildFile; fileRef = 7A294BA92710F5D600A13946 /* dummyData.swift */; };
		7AB7D3072727229600D47DD0 /* .gitignore in Resources */ = {isa = PBXBuildFile; fileRef = 7AB7D3062727229600D47DD0 /* .gitignore */; };
		7AD8B6BA26FD30E60014B746 /* userLocation.swift in Sources */ = {isa = PBXBuildFile; fileRef = 7AD8B6B726FD30E60014B746 /* userLocation.swift */; };
		7AD8B6BB26FD30E60014B746 /* Display-Gas-price.swift in Sources */ = {isa = PBXBuildFile; fileRef = 7AD8B6B826FD30E60014B746 /* Display-Gas-price.swift */; };
		7AD8B6BC26FD30E60014B746 /* user-input.swift in Sources */ = {isa = PBXBuildFile; fileRef = 7AD8B6B926FD30E60014B746 /* user-input.swift */; };
		7AD8B6BE26FD3A180014B746 /* direction.swift in Sources */ = {isa = PBXBuildFile; fileRef = 7AD8B6BD26FD3A180014B746 /* direction.swift */; };
		7AF7A92126F7394200FDFB8D /* AppDelegate.swift in Sources */ = {isa = PBXBuildFile; fileRef = 7AF7A92026F7394200FDFB8D /* AppDelegate.swift */; };
		7AF7A92326F7394200FDFB8D /* SceneDelegate.swift in Sources */ = {isa = PBXBuildFile; fileRef = 7AF7A92226F7394200FDFB8D /* SceneDelegate.swift */; };
		7AF7A92526F7394200FDFB8D /* ViewController.swift in Sources */ = {isa = PBXBuildFile; fileRef = 7AF7A92426F7394200FDFB8D /* ViewController.swift */; };
		7AF7A92826F7394200FDFB8D /* Main.storyboard in Resources */ = {isa = PBXBuildFile; fileRef = 7AF7A92626F7394200FDFB8D /* Main.storyboard */; };
		7AF7A92A26F7394300FDFB8D /* Assets.xcassets in Resources */ = {isa = PBXBuildFile; fileRef = 7AF7A92926F7394300FDFB8D /* Assets.xcassets */; };
		7AF7A92D26F7394300FDFB8D /* LaunchScreen.storyboard in Resources */ = {isa = PBXBuildFile; fileRef = 7AF7A92B26F7394300FDFB8D /* LaunchScreen.storyboard */; };
		7AF7A93826F7394300FDFB8D /* GasStationTests.swift in Sources */ = {isa = PBXBuildFile; fileRef = 7AF7A93726F7394300FDFB8D /* GasStationTests.swift */; };
		7AF7A94326F7394300FDFB8D /* GasStationUITests.swift in Sources */ = {isa = PBXBuildFile; fileRef = 7AF7A94226F7394300FDFB8D /* GasStationUITests.swift */; };
/* End PBXBuildFile section */

/* Begin PBXContainerItemProxy section */
		7AF7A93426F7394300FDFB8D /* PBXContainerItemProxy */ = {
			isa = PBXContainerItemProxy;
			containerPortal = 7AF7A91526F7394200FDFB8D /* Project object */;
			proxyType = 1;
			remoteGlobalIDString = 7AF7A91C26F7394200FDFB8D;
			remoteInfo = ElectricStation;
		};
		7AF7A93F26F7394300FDFB8D /* PBXContainerItemProxy */ = {
			isa = PBXContainerItemProxy;
			containerPortal = 7AF7A91526F7394200FDFB8D /* Project object */;
			proxyType = 1;
			remoteGlobalIDString = 7AF7A91C26F7394200FDFB8D;
			remoteInfo = ElectricStation;
		};
/* End PBXContainerItemProxy section */

/* Begin PBXFileReference section */
		3D69CCE2271D243D00A4F91F /* gasStation.swift */ = {isa = PBXFileReference; lastKnownFileType = sourcecode.swift; path = gasStation.swift; sourceTree = "<group>"; };
		3D69CCE7271D246C00A4F91F /* gasStationData.swift */ = {isa = PBXFileReference; lastKnownFileType = sourcecode.swift; path = gasStationData.swift; sourceTree = "<group>"; };
		7A294BA92710F5D600A13946 /* dummyData.swift */ = {isa = PBXFileReference; fileEncoding = 4; lastKnownFileType = sourcecode.swift; path = dummyData.swift; sourceTree = SOURCE_ROOT; };
		7AB7D3062727229600D47DD0 /* .gitignore */ = {isa = PBXFileReference; fileEncoding = 4; lastKnownFileType = text; path = .gitignore; sourceTree = SOURCE_ROOT; };
		7AD8B6B726FD30E60014B746 /* userLocation.swift */ = {isa = PBXFileReference; fileEncoding = 4; lastKnownFileType = sourcecode.swift; path = userLocation.swift; sourceTree = "<group>"; };
		7AD8B6B826FD30E60014B746 /* Display-Gas-price.swift */ = {isa = PBXFileReference; fileEncoding = 4; lastKnownFileType = sourcecode.swift; path = "Display-Gas-price.swift"; sourceTree = "<group>"; };
		7AD8B6B926FD30E60014B746 /* user-input.swift */ = {isa = PBXFileReference; fileEncoding = 4; lastKnownFileType = sourcecode.swift; path = "user-input.swift"; sourceTree = "<group>"; };
		7AD8B6BD26FD3A180014B746 /* direction.swift */ = {isa = PBXFileReference; lastKnownFileType = sourcecode.swift; path = direction.swift; sourceTree = "<group>"; };
		7AF7A91D26F7394200FDFB8D /* GasStation.app */ = {isa = PBXFileReference; explicitFileType = wrapper.application; includeInIndex = 0; path = GasStation.app; sourceTree = BUILT_PRODUCTS_DIR; };
		7AF7A92026F7394200FDFB8D /* AppDelegate.swift */ = {isa = PBXFileReference; lastKnownFileType = sourcecode.swift; path = AppDelegate.swift; sourceTree = "<group>"; };
		7AF7A92226F7394200FDFB8D /* SceneDelegate.swift */ = {isa = PBXFileReference; lastKnownFileType = sourcecode.swift; path = SceneDelegate.swift; sourceTree = "<group>"; };
		7AF7A92426F7394200FDFB8D /* ViewController.swift */ = {isa = PBXFileReference; lastKnownFileType = sourcecode.swift; path = ViewController.swift; sourceTree = "<group>"; };
		7AF7A92726F7394200FDFB8D /* Base */ = {isa = PBXFileReference; lastKnownFileType = file.storyboard; name = Base; path = Base.lproj/Main.storyboard; sourceTree = "<group>"; };
		7AF7A92926F7394300FDFB8D /* Assets.xcassets */ = {isa = PBXFileReference; lastKnownFileType = folder.assetcatalog; path = Assets.xcassets; sourceTree = "<group>"; };
		7AF7A92C26F7394300FDFB8D /* Base */ = {isa = PBXFileReference; lastKnownFileType = file.storyboard; name = Base; path = Base.lproj/LaunchScreen.storyboard; sourceTree = "<group>"; };
		7AF7A92E26F7394300FDFB8D /* Info.plist */ = {isa = PBXFileReference; lastKnownFileType = text.plist.xml; path = Info.plist; sourceTree = "<group>"; };
		7AF7A93326F7394300FDFB8D /* GasStationTests.xctest */ = {isa = PBXFileReference; explicitFileType = wrapper.cfbundle; includeInIndex = 0; path = GasStationTests.xctest; sourceTree = BUILT_PRODUCTS_DIR; };
		7AF7A93726F7394300FDFB8D /* GasStationTests.swift */ = {isa = PBXFileReference; lastKnownFileType = sourcecode.swift; path = GasStationTests.swift; sourceTree = "<group>"; };
		7AF7A93926F7394300FDFB8D /* Info.plist */ = {isa = PBXFileReference; lastKnownFileType = text.plist.xml; path = Info.plist; sourceTree = "<group>"; };
		7AF7A93E26F7394300FDFB8D /* GasStationUITests.xctest */ = {isa = PBXFileReference; explicitFileType = wrapper.cfbundle; includeInIndex = 0; path = GasStationUITests.xctest; sourceTree = BUILT_PRODUCTS_DIR; };
		7AF7A94226F7394300FDFB8D /* GasStationUITests.swift */ = {isa = PBXFileReference; lastKnownFileType = sourcecode.swift; path = GasStationUITests.swift; sourceTree = "<group>"; };
		7AF7A94426F7394300FDFB8D /* Info.plist */ = {isa = PBXFileReference; lastKnownFileType = text.plist.xml; path = Info.plist; sourceTree = "<group>"; };
/* End PBXFileReference section */

/* Begin PBXFrameworksBuildPhase section */
		7AF7A91A26F7394200FDFB8D /* Frameworks */ = {
			isa = PBXFrameworksBuildPhase;
			buildActionMask = 2147483647;
			files = (
			);
			runOnlyForDeploymentPostprocessing = 0;
		};
		7AF7A93026F7394300FDFB8D /* Frameworks */ = {
			isa = PBXFrameworksBuildPhase;
			buildActionMask = 2147483647;
			files = (
			);
			runOnlyForDeploymentPostprocessing = 0;
		};
		7AF7A93B26F7394300FDFB8D /* Frameworks */ = {
			isa = PBXFrameworksBuildPhase;
			buildActionMask = 2147483647;
			files = (
			);
			runOnlyForDeploymentPostprocessing = 0;
		};
/* End PBXFrameworksBuildPhase section */

/* Begin PBXGroup section */
		7AF7A91426F7394200FDFB8D = {
			isa = PBXGroup;
			children = (
				7AF7A91F26F7394200FDFB8D /* GasStation */,
				7AF7A93626F7394300FDFB8D /* GasStationTests */,
				7AF7A94126F7394300FDFB8D /* GasStationUITests */,
				7AF7A91E26F7394200FDFB8D /* Products */,
			);
			sourceTree = "<group>";
		};
		7AF7A91E26F7394200FDFB8D /* Products */ = {
			isa = PBXGroup;
			children = (
				7AF7A91D26F7394200FDFB8D /* GasStation.app */,
				7AF7A93326F7394300FDFB8D /* GasStationTests.xctest */,
				7AF7A93E26F7394300FDFB8D /* GasStationUITests.xctest */,
			);
			name = Products;
			sourceTree = "<group>";
		};
		7AF7A91F26F7394200FDFB8D /* GasStation */ = {
			isa = PBXGroup;
			children = (
				7AF7A92026F7394200FDFB8D /* AppDelegate.swift */,
				7AF7A92226F7394200FDFB8D /* SceneDelegate.swift */,
				3D69CCE2271D243D00A4F91F /* gasStation.swift */,
				3D69CCE7271D246C00A4F91F /* gasStationData.swift */,
				7AF7A92426F7394200FDFB8D /* ViewController.swift */,
				7AD8B6B826FD30E60014B746 /* Display-Gas-price.swift */,
				7AF7A92626F7394200FDFB8D /* Main.storyboard */,
				7AB7D3062727229600D47DD0 /* .gitignore */,
				7A294BA92710F5D600A13946 /* dummyData.swift */,
				7AD8B6B926FD30E60014B746 /* user-input.swift */,
				7AD8B6B726FD30E60014B746 /* userLocation.swift */,
				7AD8B6BD26FD3A180014B746 /* direction.swift */,
				7AF7A92926F7394300FDFB8D /* Assets.xcassets */,
				7AF7A92B26F7394300FDFB8D /* LaunchScreen.storyboard */,
				7AF7A92E26F7394300FDFB8D /* Info.plist */,
			);
			path = GasStation;
			sourceTree = "<group>";
		};
		7AF7A93626F7394300FDFB8D /* GasStationTests */ = {
			isa = PBXGroup;
			children = (
				7AF7A93726F7394300FDFB8D /* GasStationTests.swift */,
				7AF7A93926F7394300FDFB8D /* Info.plist */,
			);
			path = GasStationTests;
			sourceTree = "<group>";
		};
		7AF7A94126F7394300FDFB8D /* GasStationUITests */ = {
			isa = PBXGroup;
			children = (
				7AF7A94226F7394300FDFB8D /* GasStationUITests.swift */,
				7AF7A94426F7394300FDFB8D /* Info.plist */,
			);
			path = GasStationUITests;
			sourceTree = "<group>";
		};
/* End PBXGroup section */

/* Begin PBXNativeTarget section */
		7AF7A91C26F7394200FDFB8D /* GasStation */ = {
			isa = PBXNativeTarget;
			buildConfigurationList = 7AF7A94726F7394300FDFB8D /* Build configuration list for PBXNativeTarget "GasStation" */;
			buildPhases = (
				7AF7A91926F7394200FDFB8D /* Sources */,
				7AF7A91A26F7394200FDFB8D /* Frameworks */,
				7AF7A91B26F7394200FDFB8D /* Resources */,
			);
			buildRules = (
			);
			dependencies = (
			);
			name = GasStation;
			productName = ElectricStation;
			productReference = 7AF7A91D26F7394200FDFB8D /* GasStation.app */;
			productType = "com.apple.product-type.application";
		};
		7AF7A93226F7394300FDFB8D /* GasStationTests */ = {
			isa = PBXNativeTarget;
			buildConfigurationList = 7AF7A94A26F7394300FDFB8D /* Build configuration list for PBXNativeTarget "GasStationTests" */;
			buildPhases = (
				7AF7A92F26F7394300FDFB8D /* Sources */,
				7AF7A93026F7394300FDFB8D /* Frameworks */,
				7AF7A93126F7394300FDFB8D /* Resources */,
			);
			buildRules = (
			);
			dependencies = (
				7AF7A93526F7394300FDFB8D /* PBXTargetDependency */,
			);
			name = GasStationTests;
			productName = ElectricStationTests;
			productReference = 7AF7A93326F7394300FDFB8D /* GasStationTests.xctest */;
			productType = "com.apple.product-type.bundle.unit-test";
		};
		7AF7A93D26F7394300FDFB8D /* GasStationUITests */ = {
			isa = PBXNativeTarget;
			buildConfigurationList = 7AF7A94D26F7394300FDFB8D /* Build configuration list for PBXNativeTarget "GasStationUITests" */;
			buildPhases = (
				7AF7A93A26F7394300FDFB8D /* Sources */,
				7AF7A93B26F7394300FDFB8D /* Frameworks */,
				7AF7A93C26F7394300FDFB8D /* Resources */,
			);
			buildRules = (
			);
			dependencies = (
				7AF7A94026F7394300FDFB8D /* PBXTargetDependency */,
			);
			name = GasStationUITests;
			productName = ElectricStationUITests;
			productReference = 7AF7A93E26F7394300FDFB8D /* GasStationUITests.xctest */;
			productType = "com.apple.product-type.bundle.ui-testing";
		};
/* End PBXNativeTarget section */

/* Begin PBXProject section */
		7AF7A91526F7394200FDFB8D /* Project object */ = {
			isa = PBXProject;
			attributes = {
				LastSwiftUpdateCheck = 1250;
				LastUpgradeCheck = 1250;
				TargetAttributes = {
					7AF7A91C26F7394200FDFB8D = {
						CreatedOnToolsVersion = 12.5.1;
					};
					7AF7A93226F7394300FDFB8D = {
						CreatedOnToolsVersion = 12.5.1;
						TestTargetID = 7AF7A91C26F7394200FDFB8D;
					};
					7AF7A93D26F7394300FDFB8D = {
						CreatedOnToolsVersion = 12.5.1;
						TestTargetID = 7AF7A91C26F7394200FDFB8D;
					};
				};
			};
			buildConfigurationList = 7AF7A91826F7394200FDFB8D /* Build configuration list for PBXProject "GasStation" */;
			compatibilityVersion = "Xcode 9.3";
			developmentRegion = en;
			hasScannedForEncodings = 0;
			knownRegions = (
				en,
				Base,
			);
			mainGroup = 7AF7A91426F7394200FDFB8D;
			productRefGroup = 7AF7A91E26F7394200FDFB8D /* Products */;
			projectDirPath = "";
			projectRoot = "";
			targets = (
				7AF7A91C26F7394200FDFB8D /* GasStation */,
				7AF7A93226F7394300FDFB8D /* GasStationTests */,
				7AF7A93D26F7394300FDFB8D /* GasStationUITests */,
			);
		};
/* End PBXProject section */

/* Begin PBXResourcesBuildPhase section */
		7AF7A91B26F7394200FDFB8D /* Resources */ = {
			isa = PBXResourcesBuildPhase;
			buildActionMask = 2147483647;
			files = (
				7AB7D3072727229600D47DD0 /* .gitignore in Resources */,
				7AF7A92D26F7394300FDFB8D /* LaunchScreen.storyboard in Resources */,
				7AF7A92A26F7394300FDFB8D /* Assets.xcassets in Resources */,
				7AF7A92826F7394200FDFB8D /* Main.storyboard in Resources */,
			);
			runOnlyForDeploymentPostprocessing = 0;
		};
		7AF7A93126F7394300FDFB8D /* Resources */ = {
			isa = PBXResourcesBuildPhase;
			buildActionMask = 2147483647;
			files = (
			);
			runOnlyForDeploymentPostprocessing = 0;
		};
		7AF7A93C26F7394300FDFB8D /* Resources */ = {
			isa = PBXResourcesBuildPhase;
			buildActionMask = 2147483647;
			files = (
			);
			runOnlyForDeploymentPostprocessing = 0;
		};
/* End PBXResourcesBuildPhase section */

/* Begin PBXSourcesBuildPhase section */
		7AF7A91926F7394200FDFB8D /* Sources */ = {
			isa = PBXSourcesBuildPhase;
			buildActionMask = 2147483647;
			files = (
				3D69CCE3271D243D00A4F91F /* gasStation.swift in Sources */,
				3D69CCE8271D246C00A4F91F /* gasStationData.swift in Sources */,
				7A294BAA2710F5D600A13946 /* dummyData.swift in Sources */,
				7AD8B6BB26FD30E60014B746 /* Display-Gas-price.swift in Sources */,
				7AD8B6BE26FD3A180014B746 /* direction.swift in Sources */,
				7AF7A92526F7394200FDFB8D /* ViewController.swift in Sources */,
				7AD8B6BA26FD30E60014B746 /* userLocation.swift in Sources */,
				7AF7A92126F7394200FDFB8D /* AppDelegate.swift in Sources */,
				7AF7A92326F7394200FDFB8D /* SceneDelegate.swift in Sources */,
				7AD8B6BC26FD30E60014B746 /* user-input.swift in Sources */,
			);
			runOnlyForDeploymentPostprocessing = 0;
		};
		7AF7A92F26F7394300FDFB8D /* Sources */ = {
			isa = PBXSourcesBuildPhase;
			buildActionMask = 2147483647;
			files = (
				7AF7A93826F7394300FDFB8D /* GasStationTests.swift in Sources */,
			);
			runOnlyForDeploymentPostprocessing = 0;
		};
		7AF7A93A26F7394300FDFB8D /* Sources */ = {
			isa = PBXSourcesBuildPhase;
			buildActionMask = 2147483647;
			files = (
				7AF7A94326F7394300FDFB8D /* GasStationUITests.swift in Sources */,
			);
			runOnlyForDeploymentPostprocessing = 0;
		};
/* End PBXSourcesBuildPhase section */

/* Begin PBXTargetDependency section */
		7AF7A93526F7394300FDFB8D /* PBXTargetDependency */ = {
			isa = PBXTargetDependency;
			target = 7AF7A91C26F7394200FDFB8D /* GasStation */;
			targetProxy = 7AF7A93426F7394300FDFB8D /* PBXContainerItemProxy */;
		};
		7AF7A94026F7394300FDFB8D /* PBXTargetDependency */ = {
			isa = PBXTargetDependency;
			target = 7AF7A91C26F7394200FDFB8D /* GasStation */;
			targetProxy = 7AF7A93F26F7394300FDFB8D /* PBXContainerItemProxy */;
		};
/* End PBXTargetDependency section */

/* Begin PBXVariantGroup section */
		7AF7A92626F7394200FDFB8D /* Main.storyboard */ = {
			isa = PBXVariantGroup;
			children = (
				7AF7A92726F7394200FDFB8D /* Base */,
			);
			name = Main.storyboard;
			sourceTree = "<group>";
		};
		7AF7A92B26F7394300FDFB8D /* LaunchScreen.storyboard */ = {
			isa = PBXVariantGroup;
			children = (
				7AF7A92C26F7394300FDFB8D /* Base */,
			);
			name = LaunchScreen.storyboard;
			sourceTree = "<group>";
		};
/* End PBXVariantGroup section */

/* Begin XCBuildConfiguration section */
		7AF7A94526F7394300FDFB8D /* Debug */ = {
			isa = XCBuildConfiguration;
			buildSettings = {
				ALWAYS_SEARCH_USER_PATHS = NO;
				CLANG_ANALYZER_NONNULL = YES;
				CLANG_ANALYZER_NUMBER_OBJECT_CONVERSION = YES_AGGRESSIVE;
				CLANG_CXX_LANGUAGE_STANDARD = "gnu++14";
				CLANG_CXX_LIBRARY = "libc++";
				CLANG_ENABLE_MODULES = YES;
				CLANG_ENABLE_OBJC_ARC = YES;
				CLANG_ENABLE_OBJC_WEAK = YES;
				CLANG_WARN_BLOCK_CAPTURE_AUTORELEASING = YES;
				CLANG_WARN_BOOL_CONVERSION = YES;
				CLANG_WARN_COMMA = YES;
				CLANG_WARN_CONSTANT_CONVERSION = YES;
				CLANG_WARN_DEPRECATED_OBJC_IMPLEMENTATIONS = YES;
				CLANG_WARN_DIRECT_OBJC_ISA_USAGE = YES_ERROR;
				CLANG_WARN_DOCUMENTATION_COMMENTS = YES;
				CLANG_WARN_EMPTY_BODY = YES;
				CLANG_WARN_ENUM_CONVERSION = YES;
				CLANG_WARN_INFINITE_RECURSION = YES;
				CLANG_WARN_INT_CONVERSION = YES;
				CLANG_WARN_NON_LITERAL_NULL_CONVERSION = YES;
				CLANG_WARN_OBJC_IMPLICIT_RETAIN_SELF = YES;
				CLANG_WARN_OBJC_LITERAL_CONVERSION = YES;
				CLANG_WARN_OBJC_ROOT_CLASS = YES_ERROR;
				CLANG_WARN_QUOTED_INCLUDE_IN_FRAMEWORK_HEADER = YES;
				CLANG_WARN_RANGE_LOOP_ANALYSIS = YES;
				CLANG_WARN_STRICT_PROTOTYPES = YES;
				CLANG_WARN_SUSPICIOUS_MOVE = YES;
				CLANG_WARN_UNGUARDED_AVAILABILITY = YES_AGGRESSIVE;
				CLANG_WARN_UNREACHABLE_CODE = YES;
				CLANG_WARN__DUPLICATE_METHOD_MATCH = YES;
				COPY_PHASE_STRIP = NO;
				DEBUG_INFORMATION_FORMAT = dwarf;
				ENABLE_STRICT_OBJC_MSGSEND = YES;
				ENABLE_TESTABILITY = YES;
				GCC_C_LANGUAGE_STANDARD = gnu11;
				GCC_DYNAMIC_NO_PIC = NO;
				GCC_NO_COMMON_BLOCKS = YES;
				GCC_OPTIMIZATION_LEVEL = 0;
				GCC_PREPROCESSOR_DEFINITIONS = (
					"DEBUG=1",
					"$(inherited)",
				);
				GCC_WARN_64_TO_32_BIT_CONVERSION = YES;
				GCC_WARN_ABOUT_RETURN_TYPE = YES_ERROR;
				GCC_WARN_UNDECLARED_SELECTOR = YES;
				GCC_WARN_UNINITIALIZED_AUTOS = YES_AGGRESSIVE;
				GCC_WARN_UNUSED_FUNCTION = YES;
				GCC_WARN_UNUSED_VARIABLE = YES;
				IPHONEOS_DEPLOYMENT_TARGET = 14.5;
				MTL_ENABLE_DEBUG_INFO = INCLUDE_SOURCE;
				MTL_FAST_MATH = YES;
				ONLY_ACTIVE_ARCH = YES;
				SDKROOT = iphoneos;
				SWIFT_ACTIVE_COMPILATION_CONDITIONS = DEBUG;
				SWIFT_OPTIMIZATION_LEVEL = "-Onone";
			};
			name = Debug;
		};
		7AF7A94626F7394300FDFB8D /* Release */ = {
			isa = XCBuildConfiguration;
			buildSettings = {
				ALWAYS_SEARCH_USER_PATHS = NO;
				CLANG_ANALYZER_NONNULL = YES;
				CLANG_ANALYZER_NUMBER_OBJECT_CONVERSION = YES_AGGRESSIVE;
				CLANG_CXX_LANGUAGE_STANDARD = "gnu++14";
				CLANG_CXX_LIBRARY = "libc++";
				CLANG_ENABLE_MODULES = YES;
				CLANG_ENABLE_OBJC_ARC = YES;
				CLANG_ENABLE_OBJC_WEAK = YES;
				CLANG_WARN_BLOCK_CAPTURE_AUTORELEASING = YES;
				CLANG_WARN_BOOL_CONVERSION = YES;
				CLANG_WARN_COMMA = YES;
				CLANG_WARN_CONSTANT_CONVERSION = YES;
				CLANG_WARN_DEPRECATED_OBJC_IMPLEMENTATIONS = YES;
				CLANG_WARN_DIRECT_OBJC_ISA_USAGE = YES_ERROR;
				CLANG_WARN_DOCUMENTATION_COMMENTS = YES;
				CLANG_WARN_EMPTY_BODY = YES;
				CLANG_WARN_ENUM_CONVERSION = YES;
				CLANG_WARN_INFINITE_RECURSION = YES;
				CLANG_WARN_INT_CONVERSION = YES;
				CLANG_WARN_NON_LITERAL_NULL_CONVERSION = YES;
				CLANG_WARN_OBJC_IMPLICIT_RETAIN_SELF = YES;
				CLANG_WARN_OBJC_LITERAL_CONVERSION = YES;
				CLANG_WARN_OBJC_ROOT_CLASS = YES_ERROR;
				CLANG_WARN_QUOTED_INCLUDE_IN_FRAMEWORK_HEADER = YES;
				CLANG_WARN_RANGE_LOOP_ANALYSIS = YES;
				CLANG_WARN_STRICT_PROTOTYPES = YES;
				CLANG_WARN_SUSPICIOUS_MOVE = YES;
				CLANG_WARN_UNGUARDED_AVAILABILITY = YES_AGGRESSIVE;
				CLANG_WARN_UNREACHABLE_CODE = YES;
				CLANG_WARN__DUPLICATE_METHOD_MATCH = YES;
				COPY_PHASE_STRIP = NO;
				DEBUG_INFORMATION_FORMAT = "dwarf-with-dsym";
				ENABLE_NS_ASSERTIONS = NO;
				ENABLE_STRICT_OBJC_MSGSEND = YES;
				GCC_C_LANGUAGE_STANDARD = gnu11;
				GCC_NO_COMMON_BLOCKS = YES;
				GCC_WARN_64_TO_32_BIT_CONVERSION = YES;
				GCC_WARN_ABOUT_RETURN_TYPE = YES_ERROR;
				GCC_WARN_UNDECLARED_SELECTOR = YES;
				GCC_WARN_UNINITIALIZED_AUTOS = YES_AGGRESSIVE;
				GCC_WARN_UNUSED_FUNCTION = YES;
				GCC_WARN_UNUSED_VARIABLE = YES;
				IPHONEOS_DEPLOYMENT_TARGET = 14.5;
				MTL_ENABLE_DEBUG_INFO = NO;
				MTL_FAST_MATH = YES;
				SDKROOT = iphoneos;
				SWIFT_COMPILATION_MODE = wholemodule;
				SWIFT_OPTIMIZATION_LEVEL = "-O";
				VALIDATE_PRODUCT = YES;
			};
			name = Release;
		};
		7AF7A94826F7394300FDFB8D /* Debug */ = {
			isa = XCBuildConfiguration;
			buildSettings = {
				ASSETCATALOG_COMPILER_APPICON_NAME = AppIcon;
				ASSETCATALOG_COMPILER_GLOBAL_ACCENT_COLOR_NAME = AccentColor;
				CODE_SIGN_STYLE = Automatic;
				INFOPLIST_FILE = GasStation/Info.plist;
				IPHONEOS_DEPLOYMENT_TARGET = 14.4;
				LD_RUNPATH_SEARCH_PATHS = (
					"$(inherited)",
					"@executable_path/Frameworks",
				);
				PRODUCT_BUNDLE_IDENTIFIER = edu.fullerton.ecs.gasstation.GasStation;
				PRODUCT_NAME = "$(TARGET_NAME)";
				SWIFT_VERSION = 5.0;
				TARGETED_DEVICE_FAMILY = "1,2";
			};
			name = Debug;
		};
		7AF7A94926F7394300FDFB8D /* Release */ = {
			isa = XCBuildConfiguration;
			buildSettings = {
				ASSETCATALOG_COMPILER_APPICON_NAME = AppIcon;
				ASSETCATALOG_COMPILER_GLOBAL_ACCENT_COLOR_NAME = AccentColor;
				CODE_SIGN_STYLE = Automatic;
				INFOPLIST_FILE = GasStation/Info.plist;
				IPHONEOS_DEPLOYMENT_TARGET = 14.4;
				LD_RUNPATH_SEARCH_PATHS = (
					"$(inherited)",
					"@executable_path/Frameworks",
				);
				PRODUCT_BUNDLE_IDENTIFIER = edu.fullerton.ecs.gasstation.GasStation;
				PRODUCT_NAME = "$(TARGET_NAME)";
				SWIFT_VERSION = 5.0;
				TARGETED_DEVICE_FAMILY = "1,2";
			};
			name = Release;
		};
		7AF7A94B26F7394300FDFB8D /* Debug */ = {
			isa = XCBuildConfiguration;
			buildSettings = {
				ALWAYS_EMBED_SWIFT_STANDARD_LIBRARIES = YES;
				BUNDLE_LOADER = "$(TEST_HOST)";
				CODE_SIGN_STYLE = Automatic;
				INFOPLIST_FILE = GasStation/Info.plist;
				IPHONEOS_DEPLOYMENT_TARGET = 14.4;
				LD_RUNPATH_SEARCH_PATHS = (
					"$(inherited)",
					"@executable_path/Frameworks",
					"@loader_path/Frameworks",
				);
				PRODUCT_BUNDLE_IDENTIFIER = edu.fullerton.ecs.gasstation.GasStationTests;
				PRODUCT_NAME = "$(TARGET_NAME)";
				SWIFT_VERSION = 5.0;
				TARGETED_DEVICE_FAMILY = "1,2";
				TEST_HOST = "$(BUILT_PRODUCTS_DIR)/GasStation.app/GasStation";
			};
			name = Debug;
		};
		7AF7A94C26F7394300FDFB8D /* Release */ = {
			isa = XCBuildConfiguration;
			buildSettings = {
				ALWAYS_EMBED_SWIFT_STANDARD_LIBRARIES = YES;
				BUNDLE_LOADER = "$(TEST_HOST)";
				CODE_SIGN_STYLE = Automatic;
				INFOPLIST_FILE = GasStation/Info.plist;
				IPHONEOS_DEPLOYMENT_TARGET = 14.4;
				LD_RUNPATH_SEARCH_PATHS = (
					"$(inherited)",
					"@executable_path/Frameworks",
					"@loader_path/Frameworks",
				);
				PRODUCT_BUNDLE_IDENTIFIER = edu.fullerton.ecs.gasstation.GasStationTests;
				PRODUCT_NAME = "$(TARGET_NAME)";
				SWIFT_VERSION = 5.0;
				TARGETED_DEVICE_FAMILY = "1,2";
				TEST_HOST = "$(BUILT_PRODUCTS_DIR)/GasStation.app/GasStation";
			};
			name = Release;
		};
		7AF7A94E26F7394300FDFB8D /* Debug */ = {
			isa = XCBuildConfiguration;
			buildSettings = {
				ALWAYS_EMBED_SWIFT_STANDARD_LIBRARIES = YES;
				CODE_SIGN_STYLE = Automatic;
				INFOPLIST_FILE = GasStation/Info.plist;
				LD_RUNPATH_SEARCH_PATHS = (
					"$(inherited)",
					"@executable_path/Frameworks",
					"@loader_path/Frameworks",
				);
				PRODUCT_BUNDLE_IDENTIFIER = edu.fullerton.ecs.gasstation.GasStationUITests;
				PRODUCT_NAME = "$(TARGET_NAME)";
				SWIFT_VERSION = 5.0;
				TARGETED_DEVICE_FAMILY = "1,2";
				TEST_TARGET_NAME = ElectricStation;
			};
			name = Debug;
		};
		7AF7A94F26F7394300FDFB8D /* Release */ = {
			isa = XCBuildConfiguration;
			buildSettings = {
				ALWAYS_EMBED_SWIFT_STANDARD_LIBRARIES = YES;
				CODE_SIGN_STYLE = Automatic;
				INFOPLIST_FILE = GasStation/Info.plist;
				LD_RUNPATH_SEARCH_PATHS = (
					"$(inherited)",
					"@executable_path/Frameworks",
					"@loader_path/Frameworks",
				);
				PRODUCT_BUNDLE_IDENTIFIER = edu.fullerton.ecs.gasstation.GasStationUITests;
				PRODUCT_NAME = "$(TARGET_NAME)";
				SWIFT_VERSION = 5.0;
				TARGETED_DEVICE_FAMILY = "1,2";
				TEST_TARGET_NAME = ElectricStation;
			};
			name = Release;
		};
/* End XCBuildConfiguration section */

/* Begin XCConfigurationList section */
		7AF7A91826F7394200FDFB8D /* Build configuration list for PBXProject "GasStation" */ = {
			isa = XCConfigurationList;
			buildConfigurations = (
				7AF7A94526F7394300FDFB8D /* Debug */,
				7AF7A94626F7394300FDFB8D /* Release */,
			);
			defaultConfigurationIsVisible = 0;
			defaultConfigurationName = Release;
		};
		7AF7A94726F7394300FDFB8D /* Build configuration list for PBXNativeTarget "GasStation" */ = {
			isa = XCConfigurationList;
			buildConfigurations = (
				7AF7A94826F7394300FDFB8D /* Debug */,
				7AF7A94926F7394300FDFB8D /* Release */,
			);
			defaultConfigurationIsVisible = 0;
			defaultConfigurationName = Release;
		};
		7AF7A94A26F7394300FDFB8D /* Build configuration list for PBXNativeTarget "GasStationTests" */ = {
			isa = XCConfigurationList;
			buildConfigurations = (
				7AF7A94B26F7394300FDFB8D /* Debug */,
				7AF7A94C26F7394300FDFB8D /* Release */,
			);
			defaultConfigurationIsVisible = 0;
			defaultConfigurationName = Release;
		};
		7AF7A94D26F7394300FDFB8D /* Build configuration list for PBXNativeTarget "GasStationUITests" */ = {
			isa = XCConfigurationList;
			buildConfigurations = (
				7AF7A94E26F7394300FDFB8D /* Debug */,
				7AF7A94F26F7394300FDFB8D /* Release */,
			);
			defaultConfigurationIsVisible = 0;
			defaultConfigurationName = Release;
		};
/* End XCConfigurationList section */
	};
	rootObject = 7AF7A91526F7394200FDFB8D /* Project object */;
}
